
Microsoft Visual Studio Solution File, Format Version 12.00
# Visual Studio Version 16
VisualStudioVersion = 16.0.31729.503
MinimumVisualStudioVersion = 10.0.40219.1
Project("{FAE04EC0-301F-11D3-BF4B-00C04F79EFBC}") = "AdventOfCode2021", "AdventOfCode2021.csproj", "{22F6370E-226A-4852-86DA-EEDA25FD0C92}"
EndProject
Global
	GlobalSection(SolutionConfigurationPlatforms) = preSolution
		Debug|Any CPU = Debug|Any CPU
		Release|Any CPU = Release|Any CPU
	EndGlobalSection
	GlobalSection(ProjectConfigurationPlatforms) = postSolution
		{22F6370E-226A-4852-86DA-EEDA25FD0C92}.Debug|Any CPU.ActiveCfg = Debug|Any CPU
		{22F6370E-226A-4852-86DA-EEDA25FD0C92}.Debug|Any CPU.Build.0 = Debug|Any CPU
		{22F6370E-226A-4852-86DA-EEDA25FD0C92}.Release|Any CPU.ActiveCfg = Release|Any CPU
		{22F6370E-226A-4852-86DA-EEDA25FD0C92}.Release|Any CPU.Build.0 = Release|Any CPU
	EndGlobalSection
	GlobalSection(SolutionProperties) = preSolution
		HideSolutionNode = FALSE
	EndGlobalSection
	GlobalSection(ExtensibilityGlobals) = postSolution
		SolutionGuid = {EB71AA61-E8E4-4E2B-87BA-934C017C9FEB}
	EndGlobalSection
EndGlobal
